dependencies:
- name: redis
  repository: https://charts.bitnami.com/bitnami
  version: 17.11.3
- name: postgresql
  repository: https://charts.bitnami.com/bitnami
  version: 12.5.8
- name: mongodb
  repository: https://charts.bitnami.com/bitnami
  version: 13.15.1
digest: sha256:4ab5018b561cc84ae7e5c17ed82842ceb5726c54bbaaf62e86784dcc118add8a
generated: "2025-08-16T17:38:00.385854+05:30"
