dependencies:
- name: redis
  repository: https://charts.bitnami.com/bitnami
  version: 19.6.4
- name: postgresql
  repository: https://charts.bitnami.com/bitnami
  version: 15.5.28
- name: mongodb
  repository: https://charts.bitnami.com/bitnami
  version: 15.6.24
digest: sha256:54f0cc845889c3a6c22dd3718076911b4b8e26785ee0f12292cfb904bf59c2d8
generated: "2025-10-04T18:27:44.12557+05:30"
